
Microsoft Visual Studio Solution File, Format Version 12.00
# Visual Studio 2013
VisualStudioVersion = 12.0.31101.0
MinimumVisualStudioVersion = 10.0.40219.1
Project("{FAE04EC0-301F-11D3-BF4B-00C04F79EFBC}") = "FirstTries", "FirstTries\FirstTries.csproj", "{C2B2B0CC-907B-4437-B15C-7CC75CF8CD20}"
EndProject
Project("{FAE04EC0-301F-11D3-BF4B-00C04F79EFBC}") = "12.06.2013_ 01_Evening_2-4-8", "12.06.2013_ Evening_2-4-8\12.06.2013_ 01_Evening_2-4-8.csproj", "{E6B59FAA-1679-4545-A29A-A358013B2A7D}"
EndProject
Project("{FAE04EC0-301F-11D3-BF4B-00C04F79EFBC}") = "12.06.2013_02_Evening_Nightmare", "12.06.2013_02_Nightmare\12.06.2013_02_Evening_Nightmare.csproj", "{BDE79C6B-6076-4619-93CC-6B0337338FB8}"
EndProject
Project("{FAE04EC0-301F-11D3-BF4B-00C04F79EFBC}") = "12.06.2013_03_Evening_Boat_False", "12.06.2013_03_Evening_Enigmation\12.06.2013_03_Evening_Boat_False.csproj", "{61F64101-5668-4F16-A123-BA5763839DF9}"
EndProject
Project("{FAE04EC0-301F-11D3-BF4B-00C04F79EFBC}") = "12.06.2013_03_Evening_Boat_SOLVED", "12.06.2013_03_Evening_Boat\12.06.2013_03_Evening_Boat_SOLVED.csproj", "{D5EAEC9C-F9A9-49D7-893A-FF87EA1F9AF2}"
EndProject
Project("{FAE04EC0-301F-11D3-BF4B-00C04F79EFBC}") = "12.06.2011_03_Fir_tree_Solved", "12.06.2011_Fir_tree\12.06.2011_03_Fir_tree_Solved.csproj", "{B0D8A719-97FE-4E12-BF64-221C8F55B7B8}"
EndProject
Project("{FAE04EC0-301F-11D3-BF4B-00C04F79EFBC}") = "PetReda", "PetReda\PetReda.csproj", "{D2E2E7ED-0638-4EC2-B7AF-DAF15EDB0174}"
EndProject
Project("{FAE04EC0-301F-11D3-BF4B-00C04F79EFBC}") = "12.06.2011_01_Ship_damage_Not_Completed", "12.06.2011_01_Ship_damage\12.06.2011_01_Ship_damage_Not_Completed.csproj", "{D6A0C89F-1863-420B-9CA6-3D8A2F412E71}"
EndProject
Project("{FAE04EC0-301F-11D3-BF4B-00C04F79EFBC}") = "12.06.2011_02_Tribonacci", "12.06.2011_02_Tribonacci\12.06.2011_02_Tribonacci.csproj", "{5F01FE42-3D94-4DAC-8833-95950BA5F809}"
EndProject
Project("{FAE04EC0-301F-11D3-BF4B-00C04F79EFBC}") = "12.06.2011_04_WeAllLoveBits_Solved", "Quadranachi\12.06.2011_04_WeAllLoveBits_Solved.csproj", "{EB175193-7916-4140-87A0-EF19B27E8036}"
EndProject
Project("{FAE04EC0-301F-11D3-BF4B-00C04F79EFBC}") = "ReversingOrderOfBinary", "ReversingOrderOfBinary\ReversingOrderOfBinary.csproj", "{A8185ABA-0FA8-4683-AE6B-03DF5D27B7D6}"
EndProject
Project("{FAE04EC0-301F-11D3-BF4B-00C04F79EFBC}") = "InvertingOrderOfBinary", "InvertingOrderOfBinary\InvertingOrderOfBinary.csproj", "{E4709CE6-FE4A-443B-B5D3-36AC182D759D}"
EndProject
Project("{FAE04EC0-301F-11D3-BF4B-00C04F79EFBC}") = "ForTesting", "ForTesting\ForTesting.csproj", "{DFC2D6B2-DBD9-4C14-B6A9-35F3BFA27A9A}"
EndProject
Project("{FAE04EC0-301F-11D3-BF4B-00C04F79EFBC}") = "12.06.2011_05_Pillars", "12.06.2011_04_Pillars\12.06.2011_05_Pillars.csproj", "{96BEF00C-E9BE-439C-944D-6690351C9116}"
EndProject
Global
	GlobalSection(SolutionConfigurationPlatforms) = preSolution
		Debug|Any CPU = Debug|Any CPU
		Release|Any CPU = Release|Any CPU
	EndGlobalSection
	GlobalSection(ProjectConfigurationPlatforms) = postSolution
		{C2B2B0CC-907B-4437-B15C-7CC75CF8CD20}.Debug|Any CPU.ActiveCfg = Debug|Any CPU
		{C2B2B0CC-907B-4437-B15C-7CC75CF8CD20}.Debug|Any CPU.Build.0 = Debug|Any CPU
		{C2B2B0CC-907B-4437-B15C-7CC75CF8CD20}.Release|Any CPU.ActiveCfg = Release|Any CPU
		{C2B2B0CC-907B-4437-B15C-7CC75CF8CD20}.Release|Any CPU.Build.0 = Release|Any CPU
		{E6B59FAA-1679-4545-A29A-A358013B2A7D}.Debug|Any CPU.ActiveCfg = Debug|Any CPU
		{E6B59FAA-1679-4545-A29A-A358013B2A7D}.Debug|Any CPU.Build.0 = Debug|Any CPU
		{E6B59FAA-1679-4545-A29A-A358013B2A7D}.Release|Any CPU.ActiveCfg = Release|Any CPU
		{E6B59FAA-1679-4545-A29A-A358013B2A7D}.Release|Any CPU.Build.0 = Release|Any CPU
		{BDE79C6B-6076-4619-93CC-6B0337338FB8}.Debug|Any CPU.ActiveCfg = Debug|Any CPU
		{BDE79C6B-6076-4619-93CC-6B0337338FB8}.Debug|Any CPU.Build.0 = Debug|Any CPU
		{BDE79C6B-6076-4619-93CC-6B0337338FB8}.Release|Any CPU.ActiveCfg = Release|Any CPU
		{BDE79C6B-6076-4619-93CC-6B0337338FB8}.Release|Any CPU.Build.0 = Release|Any CPU
		{61F64101-5668-4F16-A123-BA5763839DF9}.Debug|Any CPU.ActiveCfg = Debug|Any CPU
		{61F64101-5668-4F16-A123-BA5763839DF9}.Debug|Any CPU.Build.0 = Debug|Any CPU
		{61F64101-5668-4F16-A123-BA5763839DF9}.Release|Any CPU.ActiveCfg = Release|Any CPU
		{61F64101-5668-4F16-A123-BA5763839DF9}.Release|Any CPU.Build.0 = Release|Any CPU
		{D5EAEC9C-F9A9-49D7-893A-FF87EA1F9AF2}.Debug|Any CPU.ActiveCfg = Debug|Any CPU
		{D5EAEC9C-F9A9-49D7-893A-FF87EA1F9AF2}.Debug|Any CPU.Build.0 = Debug|Any CPU
		{D5EAEC9C-F9A9-49D7-893A-FF87EA1F9AF2}.Release|Any CPU.ActiveCfg = Release|Any CPU
		{D5EAEC9C-F9A9-49D7-893A-FF87EA1F9AF2}.Release|Any CPU.Build.0 = Release|Any CPU
		{B0D8A719-97FE-4E12-BF64-221C8F55B7B8}.Debug|Any CPU.ActiveCfg = Debug|Any CPU
		{B0D8A719-97FE-4E12-BF64-221C8F55B7B8}.Debug|Any CPU.Build.0 = Debug|Any CPU
		{B0D8A719-97FE-4E12-BF64-221C8F55B7B8}.Release|Any CPU.ActiveCfg = Release|Any CPU
		{B0D8A719-97FE-4E12-BF64-221C8F55B7B8}.Release|Any CPU.Build.0 = Release|Any CPU
		{D2E2E7ED-0638-4EC2-B7AF-DAF15EDB0174}.Debug|Any CPU.ActiveCfg = Debug|Any CPU
		{D2E2E7ED-0638-4EC2-B7AF-DAF15EDB0174}.Debug|Any CPU.Build.0 = Debug|Any CPU
		{D2E2E7ED-0638-4EC2-B7AF-DAF15EDB0174}.Release|Any CPU.ActiveCfg = Release|Any CPU
		{D2E2E7ED-0638-4EC2-B7AF-DAF15EDB0174}.Release|Any CPU.Build.0 = Release|Any CPU
		{D6A0C89F-1863-420B-9CA6-3D8A2F412E71}.Debug|Any CPU.ActiveCfg = Debug|Any CPU
		{D6A0C89F-1863-420B-9CA6-3D8A2F412E71}.Debug|Any CPU.Build.0 = Debug|Any CPU
		{D6A0C89F-1863-420B-9CA6-3D8A2F412E71}.Release|Any CPU.ActiveCfg = Release|Any CPU
		{D6A0C89F-1863-420B-9CA6-3D8A2F412E71}.Release|Any CPU.Build.0 = Release|Any CPU
		{5F01FE42-3D94-4DAC-8833-95950BA5F809}.Debug|Any CPU.ActiveCfg = Debug|Any CPU
		{5F01FE42-3D94-4DAC-8833-95950BA5F809}.Debug|Any CPU.Build.0 = Debug|Any CPU
		{5F01FE42-3D94-4DAC-8833-95950BA5F809}.Release|Any CPU.ActiveCfg = Release|Any CPU
		{5F01FE42-3D94-4DAC-8833-95950BA5F809}.Release|Any CPU.Build.0 = Release|Any CPU
		{EB175193-7916-4140-87A0-EF19B27E8036}.Debug|Any CPU.ActiveCfg = Debug|Any CPU
		{EB175193-7916-4140-87A0-EF19B27E8036}.Debug|Any CPU.Build.0 = Debug|Any CPU
		{EB175193-7916-4140-87A0-EF19B27E8036}.Release|Any CPU.ActiveCfg = Release|Any CPU
		{EB175193-7916-4140-87A0-EF19B27E8036}.Release|Any CPU.Build.0 = Release|Any CPU
		{A8185ABA-0FA8-4683-AE6B-03DF5D27B7D6}.Debug|Any CPU.ActiveCfg = Debug|Any CPU
		{A8185ABA-0FA8-4683-AE6B-03DF5D27B7D6}.Debug|Any CPU.Build.0 = Debug|Any CPU
		{A8185ABA-0FA8-4683-AE6B-03DF5D27B7D6}.Release|Any CPU.ActiveCfg = Release|Any CPU
		{A8185ABA-0FA8-4683-AE6B-03DF5D27B7D6}.Release|Any CPU.Build.0 = Release|Any CPU
		{E4709CE6-FE4A-443B-B5D3-36AC182D759D}.Debug|Any CPU.ActiveCfg = Debug|Any CPU
		{E4709CE6-FE4A-443B-B5D3-36AC182D759D}.Debug|Any CPU.Build.0 = Debug|Any CPU
		{E4709CE6-FE4A-443B-B5D3-36AC182D759D}.Release|Any CPU.ActiveCfg = Release|Any CPU
		{E4709CE6-FE4A-443B-B5D3-36AC182D759D}.Release|Any CPU.Build.0 = Release|Any CPU
		{DFC2D6B2-DBD9-4C14-B6A9-35F3BFA27A9A}.Debug|Any CPU.ActiveCfg = Debug|Any CPU
		{DFC2D6B2-DBD9-4C14-B6A9-35F3BFA27A9A}.Debug|Any CPU.Build.0 = Debug|Any CPU
		{DFC2D6B2-DBD9-4C14-B6A9-35F3BFA27A9A}.Release|Any CPU.ActiveCfg = Release|Any CPU
		{DFC2D6B2-DBD9-4C14-B6A9-35F3BFA27A9A}.Release|Any CPU.Build.0 = Release|Any CPU
		{96BEF00C-E9BE-439C-944D-6690351C9116}.Debug|Any CPU.ActiveCfg = Debug|Any CPU
		{96BEF00C-E9BE-439C-944D-6690351C9116}.Debug|Any CPU.Build.0 = Debug|Any CPU
		{96BEF00C-E9BE-439C-944D-6690351C9116}.Release|Any CPU.ActiveCfg = Release|Any CPU
		{96BEF00C-E9BE-439C-944D-6690351C9116}.Release|Any CPU.Build.0 = Release|Any CPU
	EndGlobalSection
	GlobalSection(SolutionProperties) = preSolution
		HideSolutionNode = FALSE
	EndGlobalSection
EndGlobal
